
Microsoft Visual Studio Solution File, Format Version 12.00
# Visual Studio 14
VisualStudioVersion = 14.0.24720.0
MinimumVisualStudioVersion = 10.0.40219.1
Project("{FAE04EC0-301F-11D3-BF4B-00C04F79EFBC}") = "App1.Negocio", "App.Negocio\App1.Negocio.csproj", "{AB704213-8410-4DD5-809A-3AB424C5D544}"
EndProject
Project("{FAE04EC0-301F-11D3-BF4B-00C04F79EFBC}") = "App1.ConsoleApp", "App1.ConsoleApp\App1.ConsoleApp.csproj", "{9EA70AF8-1D47-4781-B331-FFC0CF404D2F}"
EndProject
Global
	GlobalSection(SolutionConfigurationPlatforms) = preSolution
		Debug|Any CPU = Debug|Any CPU
		Release|Any CPU = Release|Any CPU
	EndGlobalSection
	GlobalSection(ProjectConfigurationPlatforms) = postSolution
		{AB704213-8410-4DD5-809A-3AB424C5D544}.Debug|Any CPU.ActiveCfg = Debug|Any CPU
		{AB704213-8410-4DD5-809A-3AB424C5D544}.Debug|Any CPU.Build.0 = Debug|Any CPU
		{AB704213-8410-4DD5-809A-3AB424C5D544}.Release|Any CPU.ActiveCfg = Release|Any CPU
		{AB704213-8410-4DD5-809A-3AB424C5D544}.Release|Any CPU.Build.0 = Release|Any CPU
		{9EA70AF8-1D47-4781-B331-FFC0CF404D2F}.Debug|Any CPU.ActiveCfg = Debug|Any CPU
		{9EA70AF8-1D47-4781-B331-FFC0CF404D2F}.Debug|Any CPU.Build.0 = Debug|Any CPU
		{9EA70AF8-1D47-4781-B331-FFC0CF404D2F}.Release|Any CPU.ActiveCfg = Release|Any CPU
		{9EA70AF8-1D47-4781-B331-FFC0CF404D2F}.Release|Any CPU.Build.0 = Release|Any CPU
	EndGlobalSection
	GlobalSection(SolutionProperties) = preSolution
		HideSolutionNode = FALSE
	EndGlobalSection
EndGlobal
